
Microsoft Visual Studio Solution File, Format Version 12.00
# Visual Studio Version 17
VisualStudioVersion = 17.5.33414.496
MinimumVisualStudioVersion = 10.0.40219.1
Project("{2150E333-8FDC-42A3-9474-1A3956D46DE8}") = "Lib", "Lib", "{E79191DA-0EA8-4326-ADB4-34F531B848DC}"
EndProject
Project("{2150E333-8FDC-42A3-9474-1A3956D46DE8}") = "Solution Items", "Solution Items", "{BA406E01-7AA9-4821-AAE2-AE22993A959E}"
	ProjectSection(SolutionItems) = preProject
		..\LICENCE = ..\LICENCE
		..\README.md = ..\README.md
	EndProjectSection
EndProject
Project("{9A19103F-16F7-4668-BE54-9A1E7A4F7556}") = "MetaMerge", "Lib\MetaMerge\MetaMerge.csproj", "{AE3FC019-8823-436D-8966-C34095479187}"
	ProjectSection(ProjectDependencies) = postProject
		{C78652FE-CB02-433D-9263-E401481DBC29} = {C78652FE-CB02-433D-9263-E401481DBC29}
	EndProjectSection
EndProject
Project("{9A19103F-16F7-4668-BE54-9A1E7A4F7556}") = "MetaMerge.Fody", "Lib\MetaMerge.Fody\MetaMerge.Fody.csproj", "{C78652FE-CB02-433D-9263-E401481DBC29}"
EndProject
Global
	GlobalSection(SolutionConfigurationPlatforms) = preSolution
		Debug|Any CPU = Debug|Any CPU
		Release|Any CPU = Release|Any CPU
	EndGlobalSection
	GlobalSection(ProjectConfigurationPlatforms) = postSolution
		{AE3FC019-8823-436D-8966-C34095479187}.Debug|Any CPU.ActiveCfg = Debug|Any CPU
		{AE3FC019-8823-436D-8966-C34095479187}.Debug|Any CPU.Build.0 = Debug|Any CPU
		{AE3FC019-8823-436D-8966-C34095479187}.Release|Any CPU.ActiveCfg = Release|Any CPU
		{AE3FC019-8823-436D-8966-C34095479187}.Release|Any CPU.Build.0 = Release|Any CPU
		{C78652FE-CB02-433D-9263-E401481DBC29}.Debug|Any CPU.ActiveCfg = Debug|Any CPU
		{C78652FE-CB02-433D-9263-E401481DBC29}.Debug|Any CPU.Build.0 = Debug|Any CPU
		{C78652FE-CB02-433D-9263-E401481DBC29}.Release|Any CPU.ActiveCfg = Release|Any CPU
		{C78652FE-CB02-433D-9263-E401481DBC29}.Release|Any CPU.Build.0 = Release|Any CPU
	EndGlobalSection
	GlobalSection(SolutionProperties) = preSolution
		HideSolutionNode = FALSE
	EndGlobalSection
	GlobalSection(NestedProjects) = preSolution
		{AE3FC019-8823-436D-8966-C34095479187} = {E79191DA-0EA8-4326-ADB4-34F531B848DC}
		{C78652FE-CB02-433D-9263-E401481DBC29} = {E79191DA-0EA8-4326-ADB4-34F531B848DC}
	EndGlobalSection
	GlobalSection(ExtensibilityGlobals) = postSolution
		SolutionGuid = {1CAE15C7-F4D1-4793-9866-C715962564FD}
	EndGlobalSection
EndGlobal
